
Microsoft Visual Studio Solution File, Format Version 12.00
# Visual Studio 15
VisualStudioVersion = 15.0.28307.438
MinimumVisualStudioVersion = 10.0.40219.1
Project("{FAE04EC0-301F-11D3-BF4B-00C04F79EFBC}") = "TgoExt", "TgoExt\TgoExt.csproj", "{06A73633-F6F5-4001-AC6C-D88CF93D1287}"
EndProject
Global
	GlobalSection(SolutionConfigurationPlatforms) = preSolution
		Debug|Any CPU = Debug|Any CPU
		Release|Any CPU = Release|Any CPU
	EndGlobalSection
	GlobalSection(ProjectConfigurationPlatforms) = postSolution
		{06A73633-F6F5-4001-AC6C-D88CF93D1287}.Debug|Any CPU.ActiveCfg = Debug|Any CPU
		{06A73633-F6F5-4001-AC6C-D88CF93D1287}.Debug|Any CPU.Build.0 = Debug|Any CPU
		{06A73633-F6F5-4001-AC6C-D88CF93D1287}.Release|Any CPU.ActiveCfg = Release|Any CPU
		{06A73633-F6F5-4001-AC6C-D88CF93D1287}.Release|Any CPU.Build.0 = Release|Any CPU
	EndGlobalSection
	GlobalSection(SolutionProperties) = preSolution
		HideSolutionNode = FALSE
	EndGlobalSection
	GlobalSection(ExtensibilityGlobals) = postSolution
		SolutionGuid = {63F6D241-DE5A-47A0-B52A-82AC9A27BFD1}
	EndGlobalSection
EndGlobal
